{
  "requires": true,
  "lockfileVersion": 1,
  "dependencies": {
    "react-juicer-feed": {
      "version": "0.0.2-alpha",
      "resolved": "https://registry.npmjs.org/react-juicer-feed/-/react-juicer-feed-0.0.2-alpha.tgz",
      "integrity": "sha512-7OahNvxeKlnbsSSrKeM+eZvaXvUUY+I9EouMO6t2sXLqpVpdtYC0qiJjL0C++8xZPQO5k9YRl7RA3ug08+cAsA=="
    }
  }
}
